// !$*UTF8*$!
{
	archiveVersion = 1;
	classes = {
	};
	objectVersion = 51;
	objects = {

/* Begin PBXBuildFile section */
		5EF1B041BAEE85B16FBEA218 /* Pods_TestRxSwiftTableViewCollectionView.framework in Frameworks */ = {isa = PBXBuildFile; fileRef = 07E29A119E2677209676A734 /* Pods_TestRxSwiftTableViewCollectionView.framework */; };
		F30F4EC1239E3E4500188290 /* AppDelegate.swift in Sources */ = {isa = PBXBuildFile; fileRef = F30F4EC0239E3E4500188290 /* AppDelegate.swift */; };
		F30F4EC3239E3E4500188290 /* SceneDelegate.swift in Sources */ = {isa = PBXBuildFile; fileRef = F30F4EC2239E3E4500188290 /* SceneDelegate.swift */; };
		F30F4EC5239E3E4500188290 /* ViewController.swift in Sources */ = {isa = PBXBuildFile; fileRef = F30F4EC4239E3E4500188290 /* ViewController.swift */; };
		F30F4EC8239E3E4500188290 /* Main.storyboard in Resources */ = {isa = PBXBuildFile; fileRef = F30F4EC6239E3E4500188290 /* Main.storyboard */; };
		F30F4ECA239E3E4600188290 /* Assets.xcassets in Resources */ = {isa = PBXBuildFile; fileRef = F30F4EC9239E3E4600188290 /* Assets.xcassets */; };
		F30F4ECD239E3E4600188290 /* LaunchScreen.storyboard in Resources */ = {isa = PBXBuildFile; fileRef = F30F4ECB239E3E4600188290 /* LaunchScreen.storyboard */; };
		F3129520239E9F4700453C75 /* SectionFoodModel.swift in Sources */ = {isa = PBXBuildFile; fileRef = F312951F239E9F4700453C75 /* SectionFoodModel.swift */; };
		F396060E239E3FE600FB68F2 /* Food.swift in Sources */ = {isa = PBXBuildFile; fileRef = F396060D239E3FE600FB68F2 /* Food.swift */; };
/* End PBXBuildFile section */

/* Begin PBXFileReference section */
		07E29A119E2677209676A734 /* Pods_TestRxSwiftTableViewCollectionView.framework */ = {isa = PBXFileReference; explicitFileType = wrapper.framework; includeInIndex = 0; path = Pods_TestRxSwiftTableViewCollectionView.framework; sourceTree = BUILT_PRODUCTS_DIR; };
		5E951CFCC208DB70AFD7F912 /* Pods-TestRxSwiftTableViewCollectionView.release.xcconfig */ = {isa = PBXFileReference; includeInIndex = 1; lastKnownFileType = text.xcconfig; name = "Pods-TestRxSwiftTableViewCollectionView.release.xcconfig"; path = "Target Support Files/Pods-TestRxSwiftTableViewCollectionView/Pods-TestRxSwiftTableViewCollectionView.release.xcconfig"; sourceTree = "<group>"; };
		C7B31350D8FE16153AE30D6D /* Pods-TestRxSwiftTableViewCollectionView.debug.xcconfig */ = {isa = PBXFileReference; includeInIndex = 1; lastKnownFileType = text.xcconfig; name = "Pods-TestRxSwiftTableViewCollectionView.debug.xcconfig"; path = "Target Support Files/Pods-TestRxSwiftTableViewCollectionView/Pods-TestRxSwiftTableViewCollectionView.debug.xcconfig"; sourceTree = "<group>"; };
		F30F4EBD239E3E4500188290 /* TestRxSwiftTableViewCollectionView.app */ = {isa = PBXFileReference; explicitFileType = wrapper.application; includeInIndex = 0; path = TestRxSwiftTableViewCollectionView.app; sourceTree = BUILT_PRODUCTS_DIR; };
		F30F4EC0239E3E4500188290 /* AppDelegate.swift */ = {isa = PBXFileReference; lastKnownFileType = sourcecode.swift; path = AppDelegate.swift; sourceTree = "<group>"; };
		F30F4EC2239E3E4500188290 /* SceneDelegate.swift */ = {isa = PBXFileReference; lastKnownFileType = sourcecode.swift; path = SceneDelegate.swift; sourceTree = "<group>"; };
		F30F4EC4239E3E4500188290 /* ViewController.swift */ = {isa = PBXFileReference; lastKnownFileType = sourcecode.swift; path = ViewController.swift; sourceTree = "<group>"; };
		F30F4EC7239E3E4500188290 /* Base */ = {isa = PBXFileReference; lastKnownFileType = file.storyboard; name = Base; path = Base.lproj/Main.storyboard; sourceTree = "<group>"; };
		F30F4EC9239E3E4600188290 /* Assets.xcassets */ = {isa = PBXFileReference; lastKnownFileType = folder.assetcatalog; path = Assets.xcassets; sourceTree = "<group>"; };
		F30F4ECC239E3E4600188290 /* Base */ = {isa = PBXFileReference; lastKnownFileType = file.storyboard; name = Base; path = Base.lproj/LaunchScreen.storyboard; sourceTree = "<group>"; };
		F30F4ECE239E3E4600188290 /* Info.plist */ = {isa = PBXFileReference; lastKnownFileType = text.plist.xml; path = Info.plist; sourceTree = "<group>"; };
		F312951F239E9F4700453C75 /* SectionFoodModel.swift */ = {isa = PBXFileReference; lastKnownFileType = sourcecode.swift; path = SectionFoodModel.swift; sourceTree = "<group>"; };
		F396060D239E3FE600FB68F2 /* Food.swift */ = {isa = PBXFileReference; lastKnownFileType = sourcecode.swift; path = Food.swift; sourceTree = "<group>"; };
/* End PBXFileReference section */

/* Begin PBXFrameworksBuildPhase section */
		F30F4EBA239E3E4400188290 /* Frameworks */ = {
			isa = PBXFrameworksBuildPhase;
			buildActionMask = 2147483647;
			files = (
				5EF1B041BAEE85B16FBEA218 /* Pods_TestRxSwiftTableViewCollectionView.framework in Frameworks */,
			);
			runOnlyForDeploymentPostprocessing = 0;
		};
/* End PBXFrameworksBuildPhase section */

/* Begin PBXGroup section */
		5AC62B36F2C5CAC95CC5D843 /* Pods */ = {
			isa = PBXGroup;
			children = (
				C7B31350D8FE16153AE30D6D /* Pods-TestRxSwiftTableViewCollectionView.debug.xcconfig */,
				5E951CFCC208DB70AFD7F912 /* Pods-TestRxSwiftTableViewCollectionView.release.xcconfig */,
			);
			path = Pods;
			sourceTree = "<group>";
		};
		94C37E3728672E2F21FC1D89 /* Frameworks */ = {
			isa = PBXGroup;
			children = (
				07E29A119E2677209676A734 /* Pods_TestRxSwiftTableViewCollectionView.framework */,
			);
			name = Frameworks;
			sourceTree = "<group>";
		};
		F30F4EB4239E3E4400188290 = {
			isa = PBXGroup;
			children = (
				F30F4EBF239E3E4500188290 /* TestRxSwiftTableViewCollectionView */,
				F30F4EBE239E3E4500188290 /* Products */,
				5AC62B36F2C5CAC95CC5D843 /* Pods */,
				94C37E3728672E2F21FC1D89 /* Frameworks */,
			);
			sourceTree = "<group>";
		};
		F30F4EBE239E3E4500188290 /* Products */ = {
			isa = PBXGroup;
			children = (
				F30F4EBD239E3E4500188290 /* TestRxSwiftTableViewCollectionView.app */,
			);
			name = Products;
			sourceTree = "<group>";
		};
		F30F4EBF239E3E4500188290 /* TestRxSwiftTableViewCollectionView */ = {
			isa = PBXGroup;
			children = (
				F30F4EC0239E3E4500188290 /* AppDelegate.swift */,
				F30F4EC2239E3E4500188290 /* SceneDelegate.swift */,
				F30F4EC4239E3E4500188290 /* ViewController.swift */,
				F396060D239E3FE600FB68F2 /* Food.swift */,
				F312951F239E9F4700453C75 /* SectionFoodModel.swift */,
				F30F4EC6239E3E4500188290 /* Main.storyboard */,
				F30F4EC9239E3E4600188290 /* Assets.xcassets */,
				F30F4ECB239E3E4600188290 /* LaunchScreen.storyboard */,
				F30F4ECE239E3E4600188290 /* Info.plist */,
			);
			path = TestRxSwiftTableViewCollectionView;
			sourceTree = "<group>";
		};
/* End PBXGroup section */

/* Begin PBXNativeTarget section */
		F30F4EBC239E3E4400188290 /* TestRxSwiftTableViewCollectionView */ = {
			isa = PBXNativeTarget;
			buildConfigurationList = F30F4ED1239E3E4600188290 /* Build configuration list for PBXNativeTarget "TestRxSwiftTableViewCollectionView" */;
			buildPhases = (
				28A62E33C5C1F17D2459C412 /* [CP] Check Pods Manifest.lock */,
				F30F4EB9239E3E4400188290 /* Sources */,
				F30F4EBA239E3E4400188290 /* Frameworks */,
				F30F4EBB239E3E4400188290 /* Resources */,
				3751FFD7A9FEAD24C48F0EAC /* [CP] Embed Pods Frameworks */,
			);
			buildRules = (
			);
			dependencies = (
			);
			name = TestRxSwiftTableViewCollectionView;
			productName = TestRxSwiftTableViewCollectionView;
			productReference = F30F4EBD239E3E4500188290 /* TestRxSwiftTableViewCollectionView.app */;
			productType = "com.apple.product-type.application";
		};
/* End PBXNativeTarget section */

/* Begin PBXProject section */
		F30F4EB5239E3E4400188290 /* Project object */ = {
			isa = PBXProject;
			attributes = {
				LastSwiftUpdateCheck = 1120;
				LastUpgradeCheck = 1120;
				ORGANIZATIONNAME = "Mykhailo Bondarenko";
				TargetAttributes = {
					F30F4EBC239E3E4400188290 = {
						CreatedOnToolsVersion = 11.2.1;
					};
				};
			};
			buildConfigurationList = F30F4EB8239E3E4400188290 /* Build configuration list for PBXProject "TestRxSwiftTableViewCollectionView" */;
			compatibilityVersion = "Xcode 9.3";
			developmentRegion = en;
			hasScannedForEncodings = 0;
			knownRegions = (
				en,
				Base,
			);
			mainGroup = F30F4EB4239E3E4400188290;
			productRefGroup = F30F4EBE239E3E4500188290 /* Products */;
			projectDirPath = "";
			projectRoot = "";
			targets = (
				F30F4EBC239E3E4400188290 /* TestRxSwiftTableViewCollectionView */,
			);
		};
/* End PBXProject section */

/* Begin PBXResourcesBuildPhase section */
		F30F4EBB239E3E4400188290 /* Resources */ = {
			isa = PBXResourcesBuildPhase;
			buildActionMask = 2147483647;
			files = (
				F30F4ECD239E3E4600188290 /* LaunchScreen.storyboard in Resources */,
				F30F4ECA239E3E4600188290 /* Assets.xcassets in Resources */,
				F30F4EC8239E3E4500188290 /* Main.storyboard in Resources */,
			);
			runOnlyForDeploymentPostprocessing = 0;
		};
/* End PBXResourcesBuildPhase section */

/* Begin PBXShellScriptBuildPhase section */
		28A62E33C5C1F17D2459C412 /* [CP] Check Pods Manifest.lock */ = {
			isa = PBXShellScriptBuildPhase;
			buildActionMask = 2147483647;
			files = (
			);
			inputFileListPaths = (
			);
			inputPaths = (
				"${PODS_PODFILE_DIR_PATH}/Podfile.lock",
				"${PODS_ROOT}/Manifest.lock",
			);
			name = "[CP] Check Pods Manifest.lock";
			outputFileListPaths = (
			);
			outputPaths = (
				"$(DERIVED_FILE_DIR)/Pods-TestRxSwiftTableViewCollectionView-checkManifestLockResult.txt",
			);
			runOnlyForDeploymentPostprocessing = 0;
			shellPath = /bin/sh;
			shellScript = "diff \"${PODS_PODFILE_DIR_PATH}/Podfile.lock\" \"${PODS_ROOT}/Manifest.lock\" > /dev/null\nif [ $? != 0 ] ; then\n    # print error to STDERR\n    echo \"error: The sandbox is not in sync with the Podfile.lock. Run 'pod install' or update your CocoaPods installation.\" >&2\n    exit 1\nfi\n# This output is used by Xcode 'outputs' to avoid re-running this script phase.\necho \"SUCCESS\" > \"${SCRIPT_OUTPUT_FILE_0}\"\n";
			showEnvVarsInLog = 0;
		};
		3751FFD7A9FEAD24C48F0EAC /* [CP] Embed Pods Frameworks */ = {
			isa = PBXShellScriptBuildPhase;
			buildActionMask = 2147483647;
			files = (
			);
			inputFileListPaths = (
				"${PODS_ROOT}/Target Support Files/Pods-TestRxSwiftTableViewCollectionView/Pods-TestRxSwiftTableViewCollectionView-frameworks-${CONFIGURATION}-input-files.xcfilelist",
			);
			name = "[CP] Embed Pods Frameworks";
			outputFileListPaths = (
				"${PODS_ROOT}/Target Support Files/Pods-TestRxSwiftTableViewCollectionView/Pods-TestRxSwiftTableViewCollectionView-frameworks-${CONFIGURATION}-output-files.xcfilelist",
			);
			runOnlyForDeploymentPostprocessing = 0;
			shellPath = /bin/sh;
			shellScript = "\"${PODS_ROOT}/Target Support Files/Pods-TestRxSwiftTableViewCollectionView/Pods-TestRxSwiftTableViewCollectionView-frameworks.sh\"\n";
			showEnvVarsInLog = 0;
		};
/* End PBXShellScriptBuildPhase section */

/* Begin PBXSourcesBuildPhase section */
		F30F4EB9239E3E4400188290 /* Sources */ = {
			isa = PBXSourcesBuildPhase;
			buildActionMask = 2147483647;
			files = (
				F30F4EC5239E3E4500188290 /* ViewController.swift in Sources */,
				F396060E239E3FE600FB68F2 /* Food.swift in Sources */,
				F30F4EC1239E3E4500188290 /* AppDelegate.swift in Sources */,
				F3129520239E9F4700453C75 /* SectionFoodModel.swift in Sources */,
				F30F4EC3239E3E4500188290 /* SceneDelegate.swift in Sources */,
			);
			runOnlyForDeploymentPostprocessing = 0;
		};
/* End PBXSourcesBuildPhase section */

/* Begin PBXVariantGroup section */
		F30F4EC6239E3E4500188290 /* Main.storyboard */ = {
			isa = PBXVariantGroup;
			children = (
				F30F4EC7239E3E4500188290 /* Base */,
			);
			name = Main.storyboard;
			sourceTree = "<group>";
		};
		F30F4ECB239E3E4600188290 /* LaunchScreen.storyboard */ = {
			isa = PBXVariantGroup;
			children = (
				F30F4ECC239E3E4600188290 /* Base */,
			);
			name = LaunchScreen.storyboard;
			sourceTree = "<group>";
		};
/* End PBXVariantGroup section */

/* Begin XCBuildConfiguration section */
		F30F4ECF239E3E4600188290 /* Debug */ = {
			isa = XCBuildConfiguration;
			buildSettings = {
				ALWAYS_SEARCH_USER_PATHS = NO;
				CLANG_ANALYZER_NONNULL = YES;
				CLANG_ANALYZER_NUMBER_OBJECT_CONVERSION = YES_AGGRESSIVE;
				CLANG_CXX_LANGUAGE_STANDARD = "gnu++14";
				CLANG_CXX_LIBRARY = "libc++";
				CLANG_ENABLE_MODULES = YES;
				CLANG_ENABLE_OBJC_ARC = YES;
				CLANG_ENABLE_OBJC_WEAK = YES;
				CLANG_WARN_BLOCK_CAPTURE_AUTORELEASING = YES;
				CLANG_WARN_BOOL_CONVERSION = YES;
				CLANG_WARN_COMMA = YES;
				CLANG_WARN_CONSTANT_CONVERSION = YES;
				CLANG_WARN_DEPRECATED_OBJC_IMPLEMENTATIONS = YES;
				CLANG_WARN_DIRECT_OBJC_ISA_USAGE = YES_ERROR;
				CLANG_WARN_DOCUMENTATION_COMMENTS = YES;
				CLANG_WARN_EMPTY_BODY = YES;
				CLANG_WARN_ENUM_CONVERSION = YES;
				CLANG_WARN_INFINITE_RECURSION = YES;
				CLANG_WARN_INT_CONVERSION = YES;
				CLANG_WARN_NON_LITERAL_NULL_CONVERSION = YES;
				CLANG_WARN_OBJC_IMPLICIT_RETAIN_SELF = YES;
				CLANG_WARN_OBJC_LITERAL_CONVERSION = YES;
				CLANG_WARN_OBJC_ROOT_CLASS = YES_ERROR;
				CLANG_WARN_RANGE_LOOP_ANALYSIS = YES;
				CLANG_WARN_STRICT_PROTOTYPES = YES;
				CLANG_WARN_SUSPICIOUS_MOVE = YES;
				CLANG_WARN_UNGUARDED_AVAILABILITY = YES_AGGRESSIVE;
				CLANG_WARN_UNREACHABLE_CODE = YES;
				CLANG_WARN__DUPLICATE_METHOD_MATCH = YES;
				COPY_PHASE_STRIP = NO;
				DEBUG_INFORMATION_FORMAT = dwarf;
				ENABLE_STRICT_OBJC_MSGSEND = YES;
				ENABLE_TESTABILITY = YES;
				GCC_C_LANGUAGE_STANDARD = gnu11;
				GCC_DYNAMIC_NO_PIC = NO;
				GCC_NO_COMMON_BLOCKS = YES;
				GCC_OPTIMIZATION_LEVEL = 0;
				GCC_PREPROCESSOR_DEFINITIONS = (
					"DEBUG=1",
					"$(inherited)",
				);
				GCC_WARN_64_TO_32_BIT_CONVERSION = YES;
				GCC_WARN_ABOUT_RETURN_TYPE = YES_ERROR;
				GCC_WARN_UNDECLARED_SELECTOR = YES;
				GCC_WARN_UNINITIALIZED_AUTOS = YES_AGGRESSIVE;
				GCC_WARN_UNUSED_FUNCTION = YES;
				GCC_WARN_UNUSED_VARIABLE = YES;
				IPHONEOS_DEPLOYMENT_TARGET = 13.2;
				MTL_ENABLE_DEBUG_INFO = INCLUDE_SOURCE;
				MTL_FAST_MATH = YES;
				ONLY_ACTIVE_ARCH = YES;
				SDKROOT = iphoneos;
				SWIFT_ACTIVE_COMPILATION_CONDITIONS = DEBUG;
				SWIFT_OPTIMIZATION_LEVEL = "-Onone";
			};
			name = Debug;
		};
		F30F4ED0239E3E4600188290 /* Release */ = {
			isa = XCBuildConfiguration;
			buildSettings = {
				ALWAYS_SEARCH_USER_PATHS = NO;
				CLANG_ANALYZER_NONNULL = YES;
				CLANG_ANALYZER_NUMBER_OBJECT_CONVERSION = YES_AGGRESSIVE;
				CLANG_CXX_LANGUAGE_STANDARD = "gnu++14";
				CLANG_CXX_LIBRARY = "libc++";
				CLANG_ENABLE_MODULES = YES;
				CLANG_ENABLE_OBJC_ARC = YES;
				CLANG_ENABLE_OBJC_WEAK = YES;
				CLANG_WARN_BLOCK_CAPTURE_AUTORELEASING = YES;
				CLANG_WARN_BOOL_CONVERSION = YES;
				CLANG_WARN_COMMA = YES;
				CLANG_WARN_CONSTANT_CONVERSION = YES;
				CLANG_WARN_DEPRECATED_OBJC_IMPLEMENTATIONS = YES;
				CLANG_WARN_DIRECT_OBJC_ISA_USAGE = YES_ERROR;
				CLANG_WARN_DOCUMENTATION_COMMENTS = YES;
				CLANG_WARN_EMPTY_BODY = YES;
				CLANG_WARN_ENUM_CONVERSION = YES;
				CLANG_WARN_INFINITE_RECURSION = YES;
				CLANG_WARN_INT_CONVERSION = YES;
				CLANG_WARN_NON_LITERAL_NULL_CONVERSION = YES;
				CLANG_WARN_OBJC_IMPLICIT_RETAIN_SELF = YES;
				CLANG_WARN_OBJC_LITERAL_CONVERSION = YES;
				CLANG_WARN_OBJC_ROOT_CLASS = YES_ERROR;
				CLANG_WARN_RANGE_LOOP_ANALYSIS = YES;
				CLANG_WARN_STRICT_PROTOTYPES = YES;
				CLANG_WARN_SUSPICIOUS_MOVE = YES;
				CLANG_WARN_UNGUARDED_AVAILABILITY = YES_AGGRESSIVE;
				CLANG_WARN_UNREACHABLE_CODE = YES;
				CLANG_WARN__DUPLICATE_METHOD_MATCH = YES;
				COPY_PHASE_STRIP = NO;
				DEBUG_INFORMATION_FORMAT = "dwarf-with-dsym";
				ENABLE_NS_ASSERTIONS = NO;
				ENABLE_STRICT_OBJC_MSGSEND = YES;
				GCC_C_LANGUAGE_STANDARD = gnu11;
				GCC_NO_COMMON_BLOCKS = YES;
				GCC_WARN_64_TO_32_BIT_CONVERSION = YES;
				GCC_WARN_ABOUT_RETURN_TYPE = YES_ERROR;
				GCC_WARN_UNDECLARED_SELECTOR = YES;
				GCC_WARN_UNINITIALIZED_AUTOS = YES_AGGRESSIVE;
				GCC_WARN_UNUSED_FUNCTION = YES;
				GCC_WARN_UNUSED_VARIABLE = YES;
				IPHONEOS_DEPLOYMENT_TARGET = 13.2;
				MTL_ENABLE_DEBUG_INFO = NO;
				MTL_FAST_MATH = YES;
				SDKROOT = iphoneos;
				SWIFT_COMPILATION_MODE = wholemodule;
				SWIFT_OPTIMIZATION_LEVEL = "-O";
				VALIDATE_PRODUCT = YES;
			};
			name = Release;
		};
		F30F4ED2239E3E4600188290 /* Debug */ = {
			isa = XCBuildConfiguration;
			baseConfigurationReference = C7B31350D8FE16153AE30D6D /* Pods-TestRxSwiftTableViewCollectionView.debug.xcconfig */;
			buildSettings = {
				ASSETCATALOG_COMPILER_APPICON_NAME = AppIcon;
				CODE_SIGN_STYLE = Automatic;
				DEVELOPMENT_TEAM = GYWWW55376;
				INFOPLIST_FILE = TestRxSwiftTableViewCollectionView/Info.plist;
				LD_RUNPATH_SEARCH_PATHS = (
					"$(inherited)",
					"@executable_path/Frameworks",
				);
				PRODUCT_BUNDLE_IDENTIFIER = com.mcmikius.TestRxSwiftTableViewCollectionView;
				PRODUCT_NAME = "$(TARGET_NAME)";
				SWIFT_VERSION = 5.0;
				TARGETED_DEVICE_FAMILY = "1,2";
			};
			name = Debug;
		};
		F30F4ED3239E3E4600188290 /* Release */ = {
			isa = XCBuildConfiguration;
			baseConfigurationReference = 5E951CFCC208DB70AFD7F912 /* Pods-TestRxSwiftTableViewCollectionView.release.xcconfig */;
			buildSettings = {
				ASSETCATALOG_COMPILER_APPICON_NAME = AppIcon;
				CODE_SIGN_STYLE = Automatic;
				DEVELOPMENT_TEAM = GYWWW55376;
				INFOPLIST_FILE = TestRxSwiftTableViewCollectionView/Info.plist;
				LD_RUNPATH_SEARCH_PATHS = (
					"$(inherited)",
					"@executable_path/Frameworks",
				);
				PRODUCT_BUNDLE_IDENTIFIER = com.mcmikius.TestRxSwiftTableViewCollectionView;
				PRODUCT_NAME = "$(TARGET_NAME)";
				SWIFT_VERSION = 5.0;
				TARGETED_DEVICE_FAMILY = "1,2";
			};
			name = Release;
		};
/* End XCBuildConfiguration section */

/* Begin XCConfigurationList section */
		F30F4EB8239E3E4400188290 /* Build configuration list for PBXProject "TestRxSwiftTableViewCollectionView" */ = {
			isa = XCConfigurationList;
			buildConfigurations = (
				F30F4ECF239E3E4600188290 /* Debug */,
				F30F4ED0239E3E4600188290 /* Release */,
			);
			defaultConfigurationIsVisible = 0;
			defaultConfigurationName = Release;
		};
		F30F4ED1239E3E4600188290 /* Build configuration list for PBXNativeTarget "TestRxSwiftTableViewCollectionView" */ = {
			isa = XCConfigurationList;
			buildConfigurations = (
				F30F4ED2239E3E4600188290 /* Debug */,
				F30F4ED3239E3E4600188290 /* Release */,
			);
			defaultConfigurationIsVisible = 0;
			defaultConfigurationName = Release;
		};
/* End XCConfigurationList section */
	};
	rootObject = F30F4EB5239E3E4400188290 /* Project object */;
}
